[[package]]
category = "main"
description = "File support for asyncio."
marker = "extra == \"all\""
name = "aiofiles"
optional = false
python-versions = "*"
version = "0.4.0"

[package.source]
reference = "tsinghua"
type = "legacy"
url = "https://pypi.tuna.tsinghua.edu.cn/simple"

[[package]]
category = "main"
description = "MySQL driver for asyncio."
name = "aiomysql"
optional = false
python-versions = "*"
version = "0.0.20"

[package.dependencies]
PyMySQL = ">=0.9,<=0.9.2"

[package.source]
reference = "tsinghua"
type = "legacy"
url = "https://pypi.tuna.tsinghua.edu.cn/simple"

[[package]]
category = "main"
description = "asyncio bridge to the standard sqlite3 module"
name = "aiosqlite"
optional = false
python-versions = ">=3.5"
version = "0.10.0"

[package.source]
reference = "tsinghua"
type = "legacy"
url = "https://pypi.tuna.tsinghua.edu.cn/simple"

[[package]]
category = "main"
description = "A library for parsing ISO 8601 strings."
marker = "extra == \"all\""
name = "aniso8601"
optional = false
python-versions = "*"
version = "7.0.0"

[package.source]
reference = "tsinghua"
type = "legacy"
url = "https://pypi.tuna.tsinghua.edu.cn/simple"

[[package]]
category = "main"
description = "Fast ASN.1 parser and serializer with definitions for private keys, public keys, certificates, CRL, OCSP, CMS, PKCS#3, PKCS#7, PKCS#8, PKCS#12, PKCS#5, X.509 and TSP"
name = "asn1crypto"
optional = false
python-versions = "*"
version = "0.24.0"

[package.source]
reference = "tsinghua"
type = "legacy"
url = "https://pypi.tuna.tsinghua.edu.cn/simple"

[[package]]
category = "main"
description = "Python package for providing Mozilla's CA Bundle."
marker = "extra == \"all\""
name = "certifi"
optional = false
python-versions = "*"
version = "2019.9.11"

[package.source]
reference = "tsinghua"
type = "legacy"
url = "https://pypi.tuna.tsinghua.edu.cn/simple"

[[package]]
category = "main"
description = "Foreign Function Interface for Python calling C code."
name = "cffi"
optional = false
python-versions = "*"
version = "1.12.3"

[package.dependencies]
pycparser = "*"

[package.source]
reference = "tsinghua"
type = "legacy"
url = "https://pypi.tuna.tsinghua.edu.cn/simple"

[[package]]
category = "main"
description = "Universal encoding detector for Python 2 and 3"
marker = "extra == \"all\""
name = "chardet"
optional = false
python-versions = "*"
version = "3.0.4"

[package.source]
reference = "tsinghua"
type = "legacy"
url = "https://pypi.tuna.tsinghua.edu.cn/simple"

[[package]]
category = "main"
description = "Fast ISO8601 date time parser for Python written in C"
name = "ciso8601"
optional = false
python-versions = "*"
version = "2.1.1"

[package.source]
reference = "tsinghua"
type = "legacy"
url = "https://pypi.tuna.tsinghua.edu.cn/simple"

[[package]]
category = "main"
description = "Composable command line interface toolkit"
marker = "extra == \"all\""
name = "click"
optional = false
python-versions = ">=2.7, !=3.0.*, !=3.1.*, !=3.2.*, !=3.3.*"
version = "7.0"

[package.source]
reference = "tsinghua"
type = "legacy"
url = "https://pypi.tuna.tsinghua.edu.cn/simple"

[[package]]
category = "main"
description = "cryptography is a package which provides cryptographic recipes and primitives to Python developers."
name = "cryptography"
optional = false
python-versions = ">=2.7,!=3.0.*,!=3.1.*,!=3.2.*,!=3.3.*"
version = "2.7"

[package.dependencies]
asn1crypto = ">=0.21.0"
cffi = ">=1.8,<1.11.3 || >1.11.3"
six = ">=1.4.1"

[package.source]
reference = "tsinghua"
type = "legacy"
url = "https://pypi.tuna.tsinghua.edu.cn/simple"

[[package]]
category = "main"
description = "DNS toolkit"
marker = "extra == \"all\""
name = "dnspython"
optional = false
python-versions = ">=2.7, !=3.0.*, !=3.1.*, !=3.2.*, !=3.3.*"
version = "1.16.0"

[package.source]
reference = "tsinghua"
type = "legacy"
url = "https://pypi.tuna.tsinghua.edu.cn/simple"

[[package]]
category = "main"
description = "A robust email syntax and deliverability validation library for Python 2.x/3.x."
marker = "extra == \"all\""
name = "email-validator"
optional = false
python-versions = "*"
version = "1.0.4"

[package.dependencies]
dnspython = ">=1.15.0"
idna = ">=2.0.0"

[package.source]
reference = "tsinghua"
type = "legacy"
url = "https://pypi.tuna.tsinghua.edu.cn/simple"

[[package]]
category = "main"
description = "FastAPI framework, high performance, easy to learn, fast to code, ready for production"
name = "fastapi"
optional = false
python-versions = ">=3.6"
version = "0.38.1"

[package.dependencies]
aiofiles = "*"
email_validator = "*"
graphene = "*"
itsdangerous = "*"
jinja2 = "*"
pydantic = "0.32.2"
python-multipart = "*"
pyyaml = "*"
requests = "*"
starlette = ">=0.11.1,<=0.12.8"
ujson = "*"
uvicorn = "*"

[package.source]
reference = "tsinghua"
type = "legacy"
url = "https://pypi.tuna.tsinghua.edu.cn/simple"

[[package]]
category = "main"
description = "GraphQL Framework for Python"
marker = "extra == \"all\""
name = "graphene"
optional = false
python-versions = "*"
version = "2.1.8"

[package.dependencies]
aniso8601 = ">=3,<=7"
graphql-core = ">=2.1,<3"
graphql-relay = ">=2,<3"
six = ">=1.10.0,<2"

[package.source]
reference = "tsinghua"
type = "legacy"
url = "https://pypi.tuna.tsinghua.edu.cn/simple"

[[package]]
category = "main"
description = "GraphQL implementation for Python"
marker = "extra == \"all\""
name = "graphql-core"
optional = false
python-versions = "*"
version = "2.2.1"

[package.dependencies]
promise = ">=2.1"
rx = ">=1.6,<3"
six = ">=1.10.0"

[package.source]
reference = "tsinghua"
type = "legacy"
url = "https://pypi.tuna.tsinghua.edu.cn/simple"

[[package]]
category = "main"
description = "Relay implementation for Python"
marker = "extra == \"all\""
name = "graphql-relay"
optional = false
python-versions = "*"
version = "2.0.0"

[package.dependencies]
graphql-core = ">=2.2,<3"
promise = ">=2.2,<3"
six = ">=1.12"

[package.source]
reference = "tsinghua"
type = "legacy"
url = "https://pypi.tuna.tsinghua.edu.cn/simple"

[[package]]
category = "main"
description = "A pure-Python, bring-your-own-I/O implementation of HTTP/1.1"
marker = "extra == \"all\""
name = "h11"
optional = false
python-versions = "*"
version = "0.8.1"

[package.source]
reference = "tsinghua"
type = "legacy"
url = "https://pypi.tuna.tsinghua.edu.cn/simple"

[[package]]
category = "main"
description = "A collection of framework independent HTTP protocol utils."
marker = "sys_platform != \"win32\" and sys_platform != \"cygwin\" and platform_python_implementation != \"pypy\" and extra == \"all\""
name = "httptools"
optional = false
python-versions = "*"
version = "0.0.13"

[package.source]
reference = "tsinghua"
type = "legacy"
url = "https://pypi.tuna.tsinghua.edu.cn/simple"

[[package]]
category = "main"
description = "Internationalized Domain Names in Applications (IDNA)"
marker = "extra == \"all\""
name = "idna"
optional = false
python-versions = ">=2.7, !=3.0.*, !=3.1.*, !=3.2.*, !=3.3.*"
version = "2.8"

[package.source]
reference = "tsinghua"
type = "legacy"
url = "https://pypi.tuna.tsinghua.edu.cn/simple"

[[package]]
category = "main"
description = "Various helpers to pass data to untrusted environments and back."
marker = "extra == \"all\""
name = "itsdangerous"
optional = false
python-versions = ">=2.7, !=3.0.*, !=3.1.*, !=3.2.*, !=3.3.*"
version = "1.1.0"

[package.source]
reference = "tsinghua"
type = "legacy"
url = "https://pypi.tuna.tsinghua.edu.cn/simple"

[[package]]
category = "main"
description = "A small but fast and easy to use stand-alone template engine written in pure python."
marker = "extra == \"all\""
name = "jinja2"
optional = false
python-versions = "*"
version = "2.10.1"

[package.dependencies]
MarkupSafe = ">=0.23"

[package.source]
reference = "tsinghua"
type = "legacy"
url = "https://pypi.tuna.tsinghua.edu.cn/simple"

[[package]]
category = "main"
description = "Safely add untrusted strings to HTML/XML markup."
marker = "extra == \"all\""
name = "markupsafe"
optional = false
python-versions = ">=2.7,!=3.0.*,!=3.1.*,!=3.2.*,!=3.3.*"
version = "1.1.1"

[package.source]
reference = "tsinghua"
type = "legacy"
url = "https://pypi.tuna.tsinghua.edu.cn/simple"

[[package]]
category = "main"
description = "Promises/A+ implementation for Python"
marker = "extra == \"all\""
name = "promise"
optional = false
python-versions = "*"
version = "2.2.1"

[package.dependencies]
six = "*"

[package.source]
reference = "tsinghua"
type = "legacy"
url = "https://pypi.tuna.tsinghua.edu.cn/simple"

[[package]]
category = "main"
description = "C parser in Python"
name = "pycparser"
optional = false
python-versions = ">=2.7, !=3.0.*, !=3.1.*, !=3.2.*, !=3.3.*"
version = "2.19"

[package.source]
reference = "tsinghua"
type = "legacy"
url = "https://pypi.tuna.tsinghua.edu.cn/simple"

[[package]]
category = "main"
description = "Data validation and settings management using python 3.6 type hinting"
name = "pydantic"
optional = false
python-versions = ">=3.6"
version = "0.32.2"

[package.source]
reference = "tsinghua"
type = "legacy"
url = "https://pypi.tuna.tsinghua.edu.cn/simple"

[[package]]
category = "main"
description = "Pure Python MySQL Driver"
name = "pymysql"
optional = false
python-versions = "*"
version = "0.9.2"

[package.dependencies]
cryptography = "*"

[package.source]
reference = "tsinghua"
type = "legacy"
url = "https://pypi.tuna.tsinghua.edu.cn/simple"

[[package]]
category = "main"
description = "A SQL query builder API for Python"
name = "pypika"
optional = false
python-versions = "*"
version = "0.35.6"

[package.source]
reference = "tsinghua"
type = "legacy"
url = "https://pypi.tuna.tsinghua.edu.cn/simple"

[[package]]
category = "main"
description = "Add .env support to your django/flask apps in development and deployments"
name = "python-dotenv"
optional = false
python-versions = "*"
version = "0.10.2"

[package.source]
reference = "tsinghua"
type = "legacy"
url = "https://pypi.tuna.tsinghua.edu.cn/simple"

[[package]]
category = "main"
description = "A streaming multipart parser for Python"
marker = "extra == \"all\""
name = "python-multipart"
optional = false
python-versions = "*"
version = "0.0.5"

[package.dependencies]
six = ">=1.4.0"

[package.source]
reference = "tsinghua"
type = "legacy"
url = "https://pypi.tuna.tsinghua.edu.cn/simple"

[[package]]
category = "main"
description = "YAML parser and emitter for Python"
marker = "extra == \"all\""
name = "pyyaml"
optional = false
python-versions = ">=2.7, !=3.0.*, !=3.1.*, !=3.2.*, !=3.3.*"
version = "5.1.2"

[package.source]
reference = "tsinghua"
type = "legacy"
url = "https://pypi.tuna.tsinghua.edu.cn/simple"

[[package]]
category = "main"
description = "Python HTTP for Humans."
marker = "extra == \"all\""
name = "requests"
optional = false
python-versions = ">=2.7, !=3.0.*, !=3.1.*, !=3.2.*, !=3.3.*, !=3.4.*"
version = "2.22.0"

[package.dependencies]
certifi = ">=2017.4.17"
chardet = ">=3.0.2,<3.1.0"
idna = ">=2.5,<2.9"
urllib3 = ">=1.21.1,<1.25.0 || >1.25.0,<1.25.1 || >1.25.1,<1.26"

[package.source]
reference = "tsinghua"
type = "legacy"
url = "https://pypi.tuna.tsinghua.edu.cn/simple"

[[package]]
category = "main"
description = "Reactive Extensions (Rx) for Python"
marker = "extra == \"all\""
name = "rx"
optional = false
python-versions = "*"
version = "1.6.1"

[package.source]
reference = "tsinghua"
type = "legacy"
url = "https://pypi.tuna.tsinghua.edu.cn/simple"

[[package]]
category = "main"
description = "Python 2 and 3 compatibility utilities"
name = "six"
optional = false
python-versions = ">=2.6, !=3.0.*, !=3.1.*"
version = "1.12.0"

[package.source]
reference = "tsinghua"
type = "legacy"
url = "https://pypi.tuna.tsinghua.edu.cn/simple"

[[package]]
category = "main"
description = "The little ASGI library that shines."
name = "starlette"
optional = false
python-versions = ">=3.6"
version = "0.12.8"

[package.source]
reference = "tsinghua"
type = "legacy"
url = "https://pypi.tuna.tsinghua.edu.cn/simple"

[[package]]
category = "main"
description = "Easy async ORM for python, built with relations in mind"
name = "tortoise-orm"
optional = false
python-versions = "*"
version = "0.13.5"

[package.dependencies]
aiosqlite = ">=0.8.1"
ciso8601 = ">=2.1"
pypika = ">=0.22.3"

[package.source]
reference = "tsinghua"
type = "legacy"
url = "https://pypi.tuna.tsinghua.edu.cn/simple"

[[package]]
category = "main"
description = "Ultra fast JSON encoder and decoder for Python"
marker = "extra == \"all\""
name = "ujson"
optional = false
python-versions = "*"
version = "1.35"

[package.source]
reference = "tsinghua"
type = "legacy"
url = "https://pypi.tuna.tsinghua.edu.cn/simple"

[[package]]
category = "main"
description = "HTTP library with thread-safe connection pooling, file post, and more."
marker = "extra == \"all\""
name = "urllib3"
optional = false
python-versions = ">=2.7, !=3.0.*, !=3.1.*, !=3.2.*, !=3.3.*, <4"
version = "1.25.5"

[package.source]
reference = "tsinghua"
type = "legacy"
url = "https://pypi.tuna.tsinghua.edu.cn/simple"

[[package]]
category = "main"
description = "The lightning-fast ASGI server."
marker = "extra == \"all\""
name = "uvicorn"
optional = false
python-versions = "*"
version = "0.9.0"

[package.dependencies]
click = ">=7.0.0,<8.0.0"
h11 = ">=0.8.0,<0.9.0"
httptools = "0.0.13"
uvloop = "<1.0.0"
websockets = ">=8.0.0,<9.0.0"

[package.source]
reference = "tsinghua"
type = "legacy"
url = "https://pypi.tuna.tsinghua.edu.cn/simple"

[[package]]
category = "main"
description = "Fast implementation of asyncio event loop on top of libuv"
marker = "sys_platform != \"win32\" and sys_platform != \"cygwin\" and platform_python_implementation != \"pypy\" and extra == \"all\""
name = "uvloop"
optional = false
python-versions = "*"
version = "0.13.0"

[package.source]
reference = "tsinghua"
type = "legacy"
url = "https://pypi.tuna.tsinghua.edu.cn/simple"

[[package]]
category = "main"
description = "An implementation of the WebSocket Protocol (RFC 6455 & 7692)"
marker = "extra == \"all\""
name = "websockets"
optional = false
python-versions = ">=3.6"
version = "8.0.2"

[package.source]
reference = "tsinghua"
type = "legacy"
url = "https://pypi.tuna.tsinghua.edu.cn/simple"

[metadata]
content-hash = "ab540676776f27aa5aebf7f014104d5520d7893a61ac22c793463dc244092f11"
python-versions = "^3.7"

[metadata.hashes]
aiofiles = ["021ea0ba314a86027c166ecc4b4c07f2d40fc0f4b3a950d1868a0f2571c2bbee", "1e644c2573f953664368de28d2aa4c89dfd64550429d0c27c4680ccd3aa4985d"]
aiomysql = ["5fd798481f16625b424eec765c56d712ac78a51f3bd0175a3de94107aae43307", "d89ce25d44dadb43cf2d9e4603bd67b7a0ad12d5e67208de013629ba648df2ba"]
aiosqlite = ["ad84fbd7516ca7065d799504fc41d6845c938e5306d1b7dd960caaeda12e22a9"]
aniso8601 = ["513d2b6637b7853806ae79ffaca6f3e8754bdd547048f5ccc1420aec4b714f1e", "d10a4bf949f619f719b227ef5386e31f49a2b6d453004b21f02661ccc8670c7b"]
asn1crypto = ["2f1adbb7546ed199e3c90ef23ec95c5cf3585bac7d11fb7eb562a3fe89c64e87", "9d5c20441baf0cb60a4ac34cc447c6c189024b6b4c6cd7877034f4965c464e49"]
certifi = ["e4f3620cfea4f83eedc95b24abd9cd56f3c4b146dd0177e83a21b4eb49e21e50", "fd7c7c74727ddcf00e9acd26bba8da604ffec95bf1c2144e67aff7a8b50e6cef"]
cffi = ["041c81822e9f84b1d9c401182e174996f0bae9991f33725d059b771744290774", "046ef9a22f5d3eed06334d01b1e836977eeef500d9b78e9ef693f9380ad0b83d", "066bc4c7895c91812eff46f4b1c285220947d4aa46fa0a2651ff85f2afae9c90", "066c7ff148ae33040c01058662d6752fd73fbc8e64787229ea8498c7d7f4041b", "2444d0c61f03dcd26dbf7600cf64354376ee579acad77aef459e34efcb438c63", "300832850b8f7967e278870c5d51e3819b9aad8f0a2c8dbe39ab11f119237f45", "34c77afe85b6b9e967bd8154e3855e847b70ca42043db6ad17f26899a3df1b25", "46de5fa00f7ac09f020729148ff632819649b3e05a007d286242c4882f7b1dc3", "4aa8ee7ba27c472d429b980c51e714a24f47ca296d53f4d7868075b175866f4b", "4d0004eb4351e35ed950c14c11e734182591465a33e960a4ab5e8d4f04d72647", "4e3d3f31a1e202b0f5a35ba3bc4eb41e2fc2b11c1eff38b362de710bcffb5016", "50bec6d35e6b1aaeb17f7c4e2b9374ebf95a8975d57863546fa83e8d31bdb8c4", "55cad9a6df1e2a1d62063f79d0881a414a906a6962bc160ac968cc03ed3efcfb", "5662ad4e4e84f1eaa8efce5da695c5d2e229c563f9d5ce5b0113f71321bcf753", "59b4dc008f98fc6ee2bb4fd7fc786a8d70000d058c2bbe2698275bc53a8d3fa7", "73e1ffefe05e4ccd7bcea61af76f36077b914f92b76f95ccf00b0c1b9186f3f9", "a1f0fd46eba2d71ce1589f7e50a9e2ffaeb739fb2c11e8192aa2b45d5f6cc41f", "a2e85dc204556657661051ff4bab75a84e968669765c8a2cd425918699c3d0e8", "a5457d47dfff24882a21492e5815f891c0ca35fefae8aa742c6c263dac16ef1f", "a8dccd61d52a8dae4a825cdbb7735da530179fea472903eb871a5513b5abbfdc", "ae61af521ed676cf16ae94f30fe202781a38d7178b6b4ab622e4eec8cefaff42", "b012a5edb48288f77a63dba0840c92d0504aa215612da4541b7b42d849bc83a3", "d2c5cfa536227f57f97c92ac30c8109688ace8fa4ac086d19d0af47d134e2909", "d42b5796e20aacc9d15e66befb7a345454eef794fdb0737d1af593447c6c8f45", "dee54f5d30d775f525894d67b1495625dd9322945e7fee00731952e0368ff42d", "e070535507bd6aa07124258171be2ee8dfc19119c28ca94c9dfb7efd23564512", "e1ff2748c84d97b065cc95429814cdba39bcbd77c9c85c89344b317dc0d9cbff", "ed851c75d1e0e043cbf5ca9a8e1b13c4c90f3fbd863dacb01c0808e2b5204201"]
chardet = ["84ab92ed1c4d4f16916e05906b6b75a6c0fb5db821cc65e70cbd64a3e2a5eaae", "fc323ffcaeaed0e0a02bf4d117757b98aed530d9ed4531e3e15460124c106691"]
ciso8601 = ["01c44f93addee3cfd599ba6ae8d1b772ed642b89132e504c629feb57cc63a177"]
click = ["2335065e6395b9e67ca716de5f7526736bfa6ceead690adf616d925bdc622b13", "5b94b49521f6456670fdb30cd82a4eca9412788a93fa6dd6df72c94d5a8ff2d7"]
cryptography = ["24b61e5fcb506424d3ec4e18bca995833839bf13c59fc43e530e488f28d46b8c", "25dd1581a183e9e7a806fe0543f485103232f940fcfc301db65e630512cce643", "3452bba7c21c69f2df772762be0066c7ed5dc65df494a1d53a58b683a83e1216", "41a0be220dd1ed9e998f5891948306eb8c812b512dc398e5a01846d855050799", "5751d8a11b956fbfa314f6553d186b94aa70fdb03d8a4d4f1c82dcacf0cbe28a", "5f61c7d749048fa6e3322258b4263463bfccefecb0dd731b6561cb617a1d9bb9", "72e24c521fa2106f19623a3851e9f89ddfdeb9ac63871c7643790f872a305dfc", "7b97ae6ef5cba2e3bb14256625423413d5ce8d1abb91d4f29b6d1a081da765f8", "961e886d8a3590fd2c723cf07be14e2a91cf53c25f02435c04d39e90780e3b53", "96d8473848e984184b6728e2c9d391482008646276c3ff084a1bd89e15ff53a1", "ae536da50c7ad1e002c3eee101871d93abdc90d9c5f651818450a0d3af718609", "b0db0cecf396033abb4a93c95d1602f268b3a68bb0a9cc06a7cff587bb9a7292", "cfee9164954c186b191b91d4193989ca994703b2fff406f71cf454a2d3c7327e", "e6347742ac8f35ded4a46ff835c60e68c22a536a8ae5c4422966d06946b6d4c6", "f27d93f0139a3c056172ebb5d4f9056e770fdf0206c2f422ff2ebbad142e09ed", "f57b76e46a58b63d1c6375017f4564a28f19a5ca912691fd2e4261b3414b618d"]
dnspython = ["36c5e8e38d4369a08b6780b7f27d790a292b2b08eea01607865bf0936c558e01", "f69c21288a962f4da86e56c4905b49d11aba7938d3d740e80d9e366ee4f1632d"]
email-validator = ["79966e318d6d68fed359c90f8f19d242bcc178b724011f1c07145bd093da6cc7"]
fastapi = ["273d099b7a8dd7cb1de166ea38216528406fbe042fb604d0025c00810e5ea858", "35c85f39f235da652f24eeb9378a90d479ed087fa9ae5798bac9dce2257b6115"]
graphene = ["09165f03e1591b76bf57b133482db9be6dac72c74b0a628d3c93182af9c5a896", "2cbe6d4ef15cfc7b7805e0760a0e5b80747161ce1b0f990dfdc0d2cf497c12f9"]
graphql-core = ["1488f2a5c2272dc9ba66e3042a6d1c30cea0db4c80bd1e911c6791ad6187d91b", "da64c472d720da4537a2e8de8ba859210b62841bd47a9be65ca35177f62fe0e4"]
graphql-relay = ["0e94201af4089e1f81f07d7bd8f84799768e39d70fa1ea16d1df505b46cc6335", "75aa0758971e252964cb94068a4decd472d2a8295229f02189e3cbca1f10dbb5", "7fa74661246e826ef939ee92e768f698df167a7617361ab399901eaebf80dce6"]
h11 = ["acca6a44cb52a32ab442b1779adf0875c443c689e9e028f8d831a3769f9c5208", "f2b1ca39bfed357d1f19ac732913d5f9faa54a5062eca7d2ec3a916cfb7ae4c7"]
httptools = ["e00cbd7ba01ff748e494248183abc6e153f49181169d8a3d41bb49132ca01dfc"]
idna = ["c357b3f628cf53ae2c4c05627ecc484553142ca23264e593d327bcde5e9c3407", "ea8b7f6188e6fa117537c3df7da9fc686d485087abf6ac197f9c46432f7e4a3c"]
itsdangerous = ["321b033d07f2a4136d3ec762eac9f16a10ccd60f53c0c91af90217ace7ba1f19", "b12271b2047cb23eeb98c8b5622e2e5c5e9abd9784a153e9d8ef9cb4dd09d749"]
jinja2 = ["065c4f02ebe7f7cf559e49ee5a95fb800a9e4528727aec6f24402a5374c65013", "14dd6caf1527abb21f08f86c784eac40853ba93edb79552aa1e4b8aef1b61c7b"]
markupsafe = ["00bc623926325b26bb9605ae9eae8a215691f33cae5df11ca5424f06f2d1f473", "09027a7803a62ca78792ad89403b1b7a73a01c8cb65909cd876f7fcebd79b161", "09c4b7f37d6c648cb13f9230d847adf22f8171b1ccc4d5682398e77f40309235", "1027c282dad077d0bae18be6794e6b6b8c91d58ed8a8d89a89d59693b9131db5", "24982cc2533820871eba85ba648cd53d8623687ff11cbb805be4ff7b4c971aff", "29872e92839765e546828bb7754a68c418d927cd064fd4708fab9fe9c8bb116b", "43a55c2930bbc139570ac2452adf3d70cdbb3cfe5912c71cdce1c2c6bbd9c5d1", "46c99d2de99945ec5cb54f23c8cd5689f6d7177305ebff350a58ce5f8de1669e", "500d4957e52ddc3351cabf489e79c91c17f6e0899158447047588650b5e69183", "535f6fc4d397c1563d08b88e485c3496cf5784e927af890fb3c3aac7f933ec66", "62fe6c95e3ec8a7fad637b7f3d372c15ec1caa01ab47926cfdf7a75b40e0eac1", "6dd73240d2af64df90aa7c4e7481e23825ea70af4b4922f8ede5b9e35f78a3b1", "717ba8fe3ae9cc0006d7c451f0bb265ee07739daf76355d06366154ee68d221e", "79855e1c5b8da654cf486b830bd42c06e8780cea587384cf6545b7d9ac013a0b", "7c1699dfe0cf8ff607dbdcc1e9b9af1755371f92a68f706051cc8c37d447c905", "88e5fcfb52ee7b911e8bb6d6aa2fd21fbecc674eadd44118a9cc3863f938e735", "8defac2f2ccd6805ebf65f5eeb132adcf2ab57aa11fdf4c0dd5169a004710e7d", "98c7086708b163d425c67c7a91bad6e466bb99d797aa64f965e9d25c12111a5e", "9add70b36c5666a2ed02b43b335fe19002ee5235efd4b8a89bfcf9005bebac0d", "9bf40443012702a1d2070043cb6291650a0841ece432556f784f004937f0f32c", "ade5e387d2ad0d7ebf59146cc00c8044acbd863725f887353a10df825fc8ae21", "b00c1de48212e4cc9603895652c5c410df699856a2853135b3967591e4beebc2", "b1282f8c00509d99fef04d8ba936b156d419be841854fe901d8ae224c59f0be5", "b2051432115498d3562c084a49bba65d97cf251f5a331c64a12ee7e04dacc51b", "ba59edeaa2fc6114428f1637ffff42da1e311e29382d81b339c1817d37ec93c6", "c8716a48d94b06bb3b2524c2b77e055fb313aeb4ea620c8dd03a105574ba704f", "cd5df75523866410809ca100dc9681e301e3c27567cf498077e8551b6d20e42f", "e249096428b3ae81b08327a63a485ad0878de3fb939049038579ac0ef61e17e7"]
promise = ["2ebbfc10b7abf6354403ed785fe4f04b9dfd421eb1a474ac8d187022228332af", "348f5f6c3edd4fd47c9cd65aed03ac1b31136d375aa63871a57d3e444c85655c"]
pycparser = ["a988718abfad80b6b157acce7bf130a30876d27603738ac39f140993246b25b3"]
pydantic = ["18598557f0d9ab46173045910ed50458c4fb4d16153c23346b504d7a5b679f77", "6a9335c968e13295430a208487e74d69fef40168b72dea8d975765d14e2da660", "6f5eb88fe4c21380aa064b7d249763fc6306f0b001d7e7d52d80866d1afc9ed3", "bc6c6a78647d7a65a493e1107572d993f26a652c49183201e3c7d23924bf7311", "e1a63b4e6bf8820833cb6fa239ffbe8eec57ccdd7d66359eff20e68a83c1deeb", "ede2d65ae33788d4e26e12b330b4a32c53cb14131c65bca3a59f037c73f6ee7a"]
pymysql = ["95f057328357e0e13a30e67857a8c694878b0175797a9a203ee7adbfb9b1ec5f", "9ec760cbb251c158c19d6c88c17ca00a8632bac713890e465b2be01fdc30713f"]
pypika = ["6eb78837b689528c4cca843ac60f27e019cefd066899124219e2f07cfda95538"]
python-dotenv = ["156f218846bd90e0d537915545cde4a987947c2cecc628b50f9955fdde72534a", "6640acd76e6cab84648e4fec16c9d19de6700971f9d91d045e7120622167bfda"]
python-multipart = ["f7bb5f611fc600d15fa47b3974c8aa16e93724513b49b5f95c81e6624c83fa43"]
pyyaml = ["0113bc0ec2ad727182326b61326afa3d1d8280ae1122493553fd6f4397f33df9", "01adf0b6c6f61bd11af6e10ca52b7d4057dd0be0343eb9283c878cf3af56aee4", "5124373960b0b3f4aa7df1707e63e9f109b5263eca5976c66e08b1c552d4eaf8", "5ca4f10adbddae56d824b2c09668e91219bb178a1eee1faa56af6f99f11bf696", "7907be34ffa3c5a32b60b95f4d95ea25361c951383a894fec31be7252b2b6f34", "7ec9b2a4ed5cad025c2278a1e6a19c011c80a3caaac804fd2d329e9cc2c287c9", "87ae4c829bb25b9fe99cf71fbb2140c448f534e24c998cc60f39ae4f94396a73", "9de9919becc9cc2ff03637872a440195ac4241c80536632fffeb6a1e25a74299", "a5a85b10e450c66b49f98846937e8cfca1db3127a9d5d1e31ca45c3d0bef4c5b", "b0997827b4f6a7c286c01c5f60384d218dca4ed7d9efa945c3e1aa623d5709ae", "b631ef96d3222e62861443cc89d6563ba3eeb816eeb96b2629345ab795e53681", "bf47c0607522fdbca6c9e817a6e81b08491de50f3766a7a0e6a5be7905961b41", "f81025eddd0327c7d4cfe9b62cf33190e1e736cc6e97502b3ec425f574b3e7a8"]
requests = ["11e007a8a2aa0323f5a921e9e6a2d7e4e67d9877e85773fba9ba6419025cbeb4", "9cf5292fcd0f598c671cfc1e0d7d1a7f13bb8085e9a590f48c010551dc6c4b31"]
rx = ["13a1d8d9e252625c173dc795471e614eadfe1cf40ffc684e08b8fff0d9748c23", "7357592bc7e881a95e0c2013b73326f704953301ab551fbc8133a6fadab84105"]
six = ["3350809f0555b11f552448330d0b52d5f24c91a322ea4a15ef22629740f3761c", "d16a0141ec1a18405cd4ce8b4613101da75da0e9a7aec5bdd4fa804d0e0eba73"]
starlette = ["f600bf9d0beeeeebcb143e6d0c4f8858c2b05067d5a4feb446ba7400ba5e5dc5"]
tortoise-orm = ["24e65e82f009589dd07a5fd08ff97d368b91f96a8a3bfc853462d90b9f45e941"]
ujson = ["f66073e5506e91d204ab0c614a148d5aa938bdbf104751be66f8ad7a222f5f86"]
urllib3 = ["2f3eadfea5d92bc7899e75b5968410b749a054b492d5a6379c1344a1481bc2cb", "9c6c593cb28f52075016307fc26b0a0f8e82bc7d1ff19aaaa959b91710a56c47"]
uvicorn = ["639cdeb92cdb0205494ca36be03d08e05d57249491751feb5fc74b023a0d18f3"]
uvloop = ["0deb6c97c5807c792dd9024bab90e6ca49e981862103cb2ea37b430c1ca0a267", "155b34d513655e753d07f499a7e811970e2d397f240dfcbec0b32a9587159c99", "1df3ddfa280206e9999ae1c777a20836eb895bcec6dc9fae2cbb6eecfafb099e", "5b19361c8767e1dc61f6367f948d4f3dc5504b9f2eba488641b3d26ec14498ba", "942cd07035510b149d6160796f4e972137130ae953871b6a98c2cf5d5ab68c2e", "c63b6c0bf33144c604dd72f7eecf2d3a3ac7405c503c67bd98128cf306efe18a", "e698a20a3b4ccb380d207f9d491d4085d7c38d364f6a0bae98684a1612a9607a"]
websockets = ["049e694abe33f8a1d99969fee7bfc0ae6761f7fd5f297c58ea933b27dd6805f2", "73ce69217e4655783ec72ce11c151053fcbd5b837cc39de7999e19605182e28a", "83e63aa73331b9ca21af61df8f115fb5fbcba3f281bee650a4ad16a40cd1ef15", "882a7266fa867a2ebb2c0baaa0f9159cabf131cf18c1b4270d79ad42f9208dc5", "8c77f7d182a6ea2a9d09c2612059f3ad859a90243e899617137ee3f6b7f2b584", "8d7a20a2f97f1e98c765651d9fb9437201a9ccc2c70e94b0270f1c5ef29667a3", "a7affaeffbc5d55681934c16bb6b8fc82bb75b175e7fd4dcca798c938bde8dda", "c82e286555f839846ef4f0fdd6910769a577952e1e26aa8ee7a6f45f040e3c2b", "e906128532a14b9d264a43eb48f9b3080d53a9bda819ab45bf56b8039dc606ac", "e9102043a81cdc8b7c8032ff4bce39f6229e4ac39cb2010946c912eeb84e2cb6", "f5cb2683367e32da6a256b60929a3af9c29c212b5091cf5bace9358d03011bf5"]
